
Microsoft Visual Studio Solution File, Format Version 12.00
# Visual Studio Version 17
VisualStudioVersion = 17.3.32929.385
MinimumVisualStudioVersion = 10.0.40219.1
Project("{FAE04EC0-301F-11D3-BF4B-00C04F79EFBC}") = "Ejercicios_1er_Parcial", "Ejercicios_1er_Parcial\Ejercicios_1er_Parcial.csproj", "{2D4FD836-711B-4C57-A8F8-C4E82C139541}"
EndProject
Project("{FAE04EC0-301F-11D3-BF4B-00C04F79EFBC}") = "POO", "POO\POO.csproj", "{2C21B03C-A960-4ACB-BBBE-2AF35FE46E5C}"
EndProject
Global
	GlobalSection(SolutionConfigurationPlatforms) = preSolution
		Debug|Any CPU = Debug|Any CPU
		Release|Any CPU = Release|Any CPU
	EndGlobalSection
	GlobalSection(ProjectConfigurationPlatforms) = postSolution
		{2D4FD836-711B-4C57-A8F8-C4E82C139541}.Debug|Any CPU.ActiveCfg = Debug|Any CPU
		{2D4FD836-711B-4C57-A8F8-C4E82C139541}.Debug|Any CPU.Build.0 = Debug|Any CPU
		{2D4FD836-711B-4C57-A8F8-C4E82C139541}.Release|Any CPU.ActiveCfg = Release|Any CPU
		{2D4FD836-711B-4C57-A8F8-C4E82C139541}.Release|Any CPU.Build.0 = Release|Any CPU
		{2C21B03C-A960-4ACB-BBBE-2AF35FE46E5C}.Debug|Any CPU.ActiveCfg = Debug|Any CPU
		{2C21B03C-A960-4ACB-BBBE-2AF35FE46E5C}.Debug|Any CPU.Build.0 = Debug|Any CPU
		{2C21B03C-A960-4ACB-BBBE-2AF35FE46E5C}.Release|Any CPU.ActiveCfg = Release|Any CPU
		{2C21B03C-A960-4ACB-BBBE-2AF35FE46E5C}.Release|Any CPU.Build.0 = Release|Any CPU
	EndGlobalSection
	GlobalSection(SolutionProperties) = preSolution
		HideSolutionNode = FALSE
	EndGlobalSection
	GlobalSection(ExtensibilityGlobals) = postSolution
		SolutionGuid = {C3E32FB5-00BB-4630-9A05-F59B09CBCA7C}
	EndGlobalSection
EndGlobal
